
Microsoft Visual Studio Solution File, Format Version 12.00
# Visual Studio Version 17
VisualStudioVersion = 17.0.31903.59
MinimumVisualStudioVersion = 10.0.40219.1
Project("{2150E333-8FDC-42A3-9474-1A3956D46DE8}") = "Lection-1", "Lection-1", "{7D7271A7-00BD-4811-9661-67BF15C75AE0}"
EndProject
Project("{FAE04EC0-301F-11D3-BF4B-00C04F79EFBC}") = "Zerefez", "Lection-1\Zerefez\Zerefez.csproj", "{BF12BC8E-843B-427B-B935-2D23372530B5}"
EndProject
Global
	GlobalSection(SolutionConfigurationPlatforms) = preSolution
		Debug|Any CPU = Debug|Any CPU
		Release|Any CPU = Release|Any CPU
	EndGlobalSection
	GlobalSection(SolutionProperties) = preSolution
		HideSolutionNode = FALSE
	EndGlobalSection
	GlobalSection(ProjectConfigurationPlatforms) = postSolution
		{BF12BC8E-843B-427B-B935-2D23372530B5}.Debug|Any CPU.ActiveCfg = Debug|Any CPU
		{BF12BC8E-843B-427B-B935-2D23372530B5}.Debug|Any CPU.Build.0 = Debug|Any CPU
		{BF12BC8E-843B-427B-B935-2D23372530B5}.Release|Any CPU.ActiveCfg = Release|Any CPU
		{BF12BC8E-843B-427B-B935-2D23372530B5}.Release|Any CPU.Build.0 = Release|Any CPU
	EndGlobalSection
	GlobalSection(NestedProjects) = preSolution
		{BF12BC8E-843B-427B-B935-2D23372530B5} = {7D7271A7-00BD-4811-9661-67BF15C75AE0}
	EndGlobalSection
EndGlobal
